// !$*UTF8*$!
{
	archiveVersion = 1;
	classes = {
	};
	objectVersion = 51;
	objects = {

/* Begin PBXBuildFile section */
		BB19FC20B9CEB347295E0A03 /* Pods_breakpoint.framework in Frameworks */ = {isa = PBXBuildFile; fileRef = C0E54D4BA6FC6D4C8DB71D0C /* Pods_breakpoint.framework */; };
		DB1EF6A225F61D61002139BF /* CreateGroupsVC.swift in Sources */ = {isa = PBXBuildFile; fileRef = DB1EF6A125F61D61002139BF /* CreateGroupsVC.swift */; };
		DB1EF6A525F6230F002139BF /* UserCell.swift in Sources */ = {isa = PBXBuildFile; fileRef = DB1EF6A425F6230F002139BF /* UserCell.swift */; };
		DB2A5BA725F0C7A600CAB8CD /* AuthVC.swift in Sources */ = {isa = PBXBuildFile; fileRef = DB2A5BA625F0C7A600CAB8CD /* AuthVC.swift */; };
		DB2A5BAA25F0C7E700CAB8CD /* LoginVC.swift in Sources */ = {isa = PBXBuildFile; fileRef = DB2A5BA925F0C7E700CAB8CD /* LoginVC.swift */; };
		DB2A5BAD25F0C84A00CAB8CD /* InsetTextField.swift in Sources */ = {isa = PBXBuildFile; fileRef = DB2A5BAC25F0C84A00CAB8CD /* InsetTextField.swift */; };
		DB2A5BB025F0CDAB00CAB8CD /* ShadowView.swift in Sources */ = {isa = PBXBuildFile; fileRef = DB2A5BAF25F0CDAB00CAB8CD /* ShadowView.swift */; };
		DB2A5BB325F0DAB900CAB8CD /* AuthService.swift in Sources */ = {isa = PBXBuildFile; fileRef = DB2A5BB225F0DAB900CAB8CD /* AuthService.swift */; };
		DB2A5BBA25F120BF00CAB8CD /* GoogleService-Info.plist in Resources */ = {isa = PBXBuildFile; fileRef = DB2A5BB925F120BF00CAB8CD /* GoogleService-Info.plist */; };
		DB2A5BBD25F1367200CAB8CD /* MeVC.swift in Sources */ = {isa = PBXBuildFile; fileRef = DB2A5BBC25F1367200CAB8CD /* MeVC.swift */; };
		DB53D2CD25EFEB03003D22AA /* DataService.swift in Sources */ = {isa = PBXBuildFile; fileRef = DB53D2CC25EFEB03003D22AA /* DataService.swift */; };
		DB77453925EFD63C008B1CC0 /* FeedVC.swift in Sources */ = {isa = PBXBuildFile; fileRef = DB77453825EFD63C008B1CC0 /* FeedVC.swift */; };
		DB77453D25EFD64D008B1CC0 /* GroupsVC.swift in Sources */ = {isa = PBXBuildFile; fileRef = DB77453C25EFD64D008B1CC0 /* GroupsVC.swift */; };
		DB91310425F21FF600AFCF9A /* CreatePostVC.swift in Sources */ = {isa = PBXBuildFile; fileRef = DB91310325F21FF600AFCF9A /* CreatePostVC.swift */; };
		DB91310725F22C1D00AFCF9A /* UIViewExt.swift in Sources */ = {isa = PBXBuildFile; fileRef = DB91310625F22C1D00AFCF9A /* UIViewExt.swift */; };
		DB91310A25F23F0F00AFCF9A /* FeedCell.swift in Sources */ = {isa = PBXBuildFile; fileRef = DB91310925F23F0F00AFCF9A /* FeedCell.swift */; };
		DB91310E25F2449A00AFCF9A /* Message.swift in Sources */ = {isa = PBXBuildFile; fileRef = DB91310D25F2449A00AFCF9A /* Message.swift */; };
		DBF71DA825EFD3C500D5054C /* AppDelegate.swift in Sources */ = {isa = PBXBuildFile; fileRef = DBF71DA725EFD3C500D5054C /* AppDelegate.swift */; };
		DBF71DAA25EFD3C500D5054C /* SceneDelegate.swift in Sources */ = {isa = PBXBuildFile; fileRef = DBF71DA925EFD3C500D5054C /* SceneDelegate.swift */; };
		DBF71DAF25EFD3C500D5054C /* Main.storyboard in Resources */ = {isa = PBXBuildFile; fileRef = DBF71DAD25EFD3C500D5054C /* Main.storyboard */; };
		DBF71DB125EFD3C500D5054C /* Assets.xcassets in Resources */ = {isa = PBXBuildFile; fileRef = DBF71DB025EFD3C500D5054C /* Assets.xcassets */; };
		DBF71DB425EFD3C500D5054C /* LaunchScreen.storyboard in Resources */ = {isa = PBXBuildFile; fileRef = DBF71DB225EFD3C500D5054C /* LaunchScreen.storyboard */; };
/* End PBXBuildFile section */

/* Begin PBXFileReference section */
		284351D1DC300317BB63F15C /* Pods-breakpoint.debug.xcconfig */ = {isa = PBXFileReference; includeInIndex = 1; lastKnownFileType = text.xcconfig; name = "Pods-breakpoint.debug.xcconfig"; path = "Target Support Files/Pods-breakpoint/Pods-breakpoint.debug.xcconfig"; sourceTree = "<group>"; };
		BC39EC74551186051008F3ED /* Pods-breakpoint.release.xcconfig */ = {isa = PBXFileReference; includeInIndex = 1; lastKnownFileType = text.xcconfig; name = "Pods-breakpoint.release.xcconfig"; path = "Target Support Files/Pods-breakpoint/Pods-breakpoint.release.xcconfig"; sourceTree = "<group>"; };
		C0E54D4BA6FC6D4C8DB71D0C /* Pods_breakpoint.framework */ = {isa = PBXFileReference; explicitFileType = wrapper.framework; includeInIndex = 0; path = Pods_breakpoint.framework; sourceTree = BUILT_PRODUCTS_DIR; };
		DB1EF6A125F61D61002139BF /* CreateGroupsVC.swift */ = {isa = PBXFileReference; lastKnownFileType = sourcecode.swift; path = CreateGroupsVC.swift; sourceTree = "<group>"; };
		DB1EF6A425F6230F002139BF /* UserCell.swift */ = {isa = PBXFileReference; lastKnownFileType = sourcecode.swift; path = UserCell.swift; sourceTree = "<group>"; };
		DB2A5BA625F0C7A600CAB8CD /* AuthVC.swift */ = {isa = PBXFileReference; lastKnownFileType = sourcecode.swift; path = AuthVC.swift; sourceTree = "<group>"; };
		DB2A5BA925F0C7E700CAB8CD /* LoginVC.swift */ = {isa = PBXFileReference; lastKnownFileType = sourcecode.swift; path = LoginVC.swift; sourceTree = "<group>"; };
		DB2A5BAC25F0C84A00CAB8CD /* InsetTextField.swift */ = {isa = PBXFileReference; lastKnownFileType = sourcecode.swift; path = InsetTextField.swift; sourceTree = "<group>"; };
		DB2A5BAF25F0CDAB00CAB8CD /* ShadowView.swift */ = {isa = PBXFileReference; lastKnownFileType = sourcecode.swift; path = ShadowView.swift; sourceTree = "<group>"; };
		DB2A5BB225F0DAB900CAB8CD /* AuthService.swift */ = {isa = PBXFileReference; lastKnownFileType = sourcecode.swift; path = AuthService.swift; sourceTree = "<group>"; };
		DB2A5BB925F120BF00CAB8CD /* GoogleService-Info.plist */ = {isa = PBXFileReference; lastKnownFileType = text.plist; path = "GoogleService-Info.plist"; sourceTree = SOURCE_ROOT; };
		DB2A5BBC25F1367200CAB8CD /* MeVC.swift */ = {isa = PBXFileReference; lastKnownFileType = sourcecode.swift; path = MeVC.swift; sourceTree = "<group>"; };
		DB53D2CC25EFEB03003D22AA /* DataService.swift */ = {isa = PBXFileReference; lastKnownFileType = sourcecode.swift; path = DataService.swift; sourceTree = "<group>"; };
		DB77453825EFD63C008B1CC0 /* FeedVC.swift */ = {isa = PBXFileReference; lastKnownFileType = sourcecode.swift; path = FeedVC.swift; sourceTree = "<group>"; };
		DB77453C25EFD64D008B1CC0 /* GroupsVC.swift */ = {isa = PBXFileReference; lastKnownFileType = sourcecode.swift; path = GroupsVC.swift; sourceTree = "<group>"; };
		DB91310325F21FF600AFCF9A /* CreatePostVC.swift */ = {isa = PBXFileReference; lastKnownFileType = sourcecode.swift; path = CreatePostVC.swift; sourceTree = "<group>"; };
		DB91310625F22C1D00AFCF9A /* UIViewExt.swift */ = {isa = PBXFileReference; lastKnownFileType = sourcecode.swift; path = UIViewExt.swift; sourceTree = "<group>"; };
		DB91310925F23F0F00AFCF9A /* FeedCell.swift */ = {isa = PBXFileReference; lastKnownFileType = sourcecode.swift; path = FeedCell.swift; sourceTree = "<group>"; };
		DB91310D25F2449A00AFCF9A /* Message.swift */ = {isa = PBXFileReference; lastKnownFileType = sourcecode.swift; path = Message.swift; sourceTree = "<group>"; };
		DBF71DA425EFD3C500D5054C /* breakpoint.app */ = {isa = PBXFileReference; explicitFileType = wrapper.application; includeInIndex = 0; path = breakpoint.app; sourceTree = BUILT_PRODUCTS_DIR; };
		DBF71DA725EFD3C500D5054C /* AppDelegate.swift */ = {isa = PBXFileReference; lastKnownFileType = sourcecode.swift; path = AppDelegate.swift; sourceTree = "<group>"; };
		DBF71DA925EFD3C500D5054C /* SceneDelegate.swift */ = {isa = PBXFileReference; lastKnownFileType = sourcecode.swift; path = SceneDelegate.swift; sourceTree = "<group>"; };
		DBF71DAE25EFD3C500D5054C /* Base */ = {isa = PBXFileReference; lastKnownFileType = file.storyboard; name = Base; path = Base.lproj/Main.storyboard; sourceTree = "<group>"; };
		DBF71DB025EFD3C500D5054C /* Assets.xcassets */ = {isa = PBXFileReference; lastKnownFileType = folder.assetcatalog; path = Assets.xcassets; sourceTree = "<group>"; };
		DBF71DB325EFD3C500D5054C /* Base */ = {isa = PBXFileReference; lastKnownFileType = file.storyboard; name = Base; path = Base.lproj/LaunchScreen.storyboard; sourceTree = "<group>"; };
		DBF71DB525EFD3C500D5054C /* Info.plist */ = {isa = PBXFileReference; lastKnownFileType = text.plist.xml; path = Info.plist; sourceTree = "<group>"; };
/* End PBXFileReference section */

/* Begin PBXFrameworksBuildPhase section */
		DBF71DA125EFD3C500D5054C /* Frameworks */ = {
			isa = PBXFrameworksBuildPhase;
			buildActionMask = 2147483647;
			files = (
				BB19FC20B9CEB347295E0A03 /* Pods_breakpoint.framework in Frameworks */,
			);
			runOnlyForDeploymentPostprocessing = 0;
		};
/* End PBXFrameworksBuildPhase section */

/* Begin PBXGroup section */
		5ABD851640B4E2701548E727 /* Pods */ = {
			isa = PBXGroup;
			children = (
				284351D1DC300317BB63F15C /* Pods-breakpoint.debug.xcconfig */,
				BC39EC74551186051008F3ED /* Pods-breakpoint.release.xcconfig */,
			);
			path = Pods;
			sourceTree = "<group>";
		};
		DB77453725EFD600008B1CC0 /* Controller */ = {
			isa = PBXGroup;
			children = (
				DB77453825EFD63C008B1CC0 /* FeedVC.swift */,
				DB77453C25EFD64D008B1CC0 /* GroupsVC.swift */,
				DB2A5BA625F0C7A600CAB8CD /* AuthVC.swift */,
				DB2A5BA925F0C7E700CAB8CD /* LoginVC.swift */,
				DB2A5BBC25F1367200CAB8CD /* MeVC.swift */,
				DB91310325F21FF600AFCF9A /* CreatePostVC.swift */,
				DB1EF6A125F61D61002139BF /* CreateGroupsVC.swift */,
			);
			path = Controller;
			sourceTree = "<group>";
		};
		DB77453F25EFD6D5008B1CC0 /* View */ = {
			isa = PBXGroup;
			children = (
				DB2A5BAC25F0C84A00CAB8CD /* InsetTextField.swift */,
				DB2A5BAF25F0CDAB00CAB8CD /* ShadowView.swift */,
				DB91310925F23F0F00AFCF9A /* FeedCell.swift */,
				DB1EF6A425F6230F002139BF /* UserCell.swift */,
			);
			path = View;
			sourceTree = "<group>";
		};
		DB77454025EFD6F4008B1CC0 /* Model */ = {
			isa = PBXGroup;
			children = (
				DB91310D25F2449A00AFCF9A /* Message.swift */,
			);
			path = Model;
			sourceTree = "<group>";
		};
		DB77454125EFD70B008B1CC0 /* Extensions */ = {
			isa = PBXGroup;
			children = (
				DB91310625F22C1D00AFCF9A /* UIViewExt.swift */,
			);
			path = Extensions;
			sourceTree = "<group>";
		};
		DB77454225EFD72E008B1CC0 /* Services */ = {
			isa = PBXGroup;
			children = (
				DB53D2CC25EFEB03003D22AA /* DataService.swift */,
				DB2A5BB225F0DAB900CAB8CD /* AuthService.swift */,
			);
			path = Services;
			sourceTree = "<group>";
		};
		DBF71D9B25EFD3C500D5054C = {
			isa = PBXGroup;
			children = (
				DBF71DA625EFD3C500D5054C /* breakpoint */,
				DBF71DA525EFD3C500D5054C /* Products */,
				5ABD851640B4E2701548E727 /* Pods */,
				EFA39BBDE5D572DB30609A5B /* Frameworks */,
			);
			sourceTree = "<group>";
		};
		DBF71DA525EFD3C500D5054C /* Products */ = {
			isa = PBXGroup;
			children = (
				DBF71DA425EFD3C500D5054C /* breakpoint.app */,
			);
			name = Products;
			sourceTree = "<group>";
		};
		DBF71DA625EFD3C500D5054C /* breakpoint */ = {
			isa = PBXGroup;
			children = (
				DB77454225EFD72E008B1CC0 /* Services */,
				DB77453725EFD600008B1CC0 /* Controller */,
				DB77453F25EFD6D5008B1CC0 /* View */,
				DB77454025EFD6F4008B1CC0 /* Model */,
				DB77454125EFD70B008B1CC0 /* Extensions */,
				DBF71DA725EFD3C500D5054C /* AppDelegate.swift */,
				DBF71DA925EFD3C500D5054C /* SceneDelegate.swift */,
				DBF71DAD25EFD3C500D5054C /* Main.storyboard */,
				DBF71DB025EFD3C500D5054C /* Assets.xcassets */,
				DBF71DB225EFD3C500D5054C /* LaunchScreen.storyboard */,
				DB2A5BB925F120BF00CAB8CD /* GoogleService-Info.plist */,
				DBF71DB525EFD3C500D5054C /* Info.plist */,
			);
			path = breakpoint;
			sourceTree = "<group>";
		};
		EFA39BBDE5D572DB30609A5B /* Frameworks */ = {
			isa = PBXGroup;
			children = (
				C0E54D4BA6FC6D4C8DB71D0C /* Pods_breakpoint.framework */,
			);
			name = Frameworks;
			sourceTree = "<group>";
		};
/* End PBXGroup section */

/* Begin PBXNativeTarget section */
		DBF71DA325EFD3C500D5054C /* breakpoint */ = {
			isa = PBXNativeTarget;
			buildConfigurationList = DBF71DB825EFD3C500D5054C /* Build configuration list for PBXNativeTarget "breakpoint" */;
			buildPhases = (
				D757134E11250CCDA19C07B7 /* [CP] Check Pods Manifest.lock */,
				DBF71DA025EFD3C500D5054C /* Sources */,
				DBF71DA125EFD3C500D5054C /* Frameworks */,
				DBF71DA225EFD3C500D5054C /* Resources */,
				68CACA7D65477AFC9BA760B7 /* [CP] Embed Pods Frameworks */,
			);
			buildRules = (
			);
			dependencies = (
			);
			name = breakpoint;
			productName = breakpoint;
			productReference = DBF71DA425EFD3C500D5054C /* breakpoint.app */;
			productType = "com.apple.product-type.application";
		};
/* End PBXNativeTarget section */

/* Begin PBXProject section */
		DBF71D9C25EFD3C500D5054C /* Project object */ = {
			isa = PBXProject;
			attributes = {
				LastSwiftUpdateCheck = 1240;
				LastUpgradeCheck = 1240;
				TargetAttributes = {
					DBF71DA325EFD3C500D5054C = {
						CreatedOnToolsVersion = 12.4;
					};
				};
			};
			buildConfigurationList = DBF71D9F25EFD3C500D5054C /* Build configuration list for PBXProject "breakpoint" */;
			compatibilityVersion = "Xcode 9.3";
			developmentRegion = en;
			hasScannedForEncodings = 0;
			knownRegions = (
				en,
				Base,
			);
			mainGroup = DBF71D9B25EFD3C500D5054C;
			productRefGroup = DBF71DA525EFD3C500D5054C /* Products */;
			projectDirPath = "";
			projectRoot = "";
			targets = (
				DBF71DA325EFD3C500D5054C /* breakpoint */,
			);
		};
/* End PBXProject section */

/* Begin PBXResourcesBuildPhase section */
		DBF71DA225EFD3C500D5054C /* Resources */ = {
			isa = PBXResourcesBuildPhase;
			buildActionMask = 2147483647;
			files = (
				DBF71DB425EFD3C500D5054C /* LaunchScreen.storyboard in Resources */,
				DB2A5BBA25F120BF00CAB8CD /* GoogleService-Info.plist in Resources */,
				DBF71DB125EFD3C500D5054C /* Assets.xcassets in Resources */,
				DBF71DAF25EFD3C500D5054C /* Main.storyboard in Resources */,
			);
			runOnlyForDeploymentPostprocessing = 0;
		};
/* End PBXResourcesBuildPhase section */

/* Begin PBXShellScriptBuildPhase section */
		68CACA7D65477AFC9BA760B7 /* [CP] Embed Pods Frameworks */ = {
			isa = PBXShellScriptBuildPhase;
			buildActionMask = 2147483647;
			files = (
			);
			inputFileListPaths = (
				"${PODS_ROOT}/Target Support Files/Pods-breakpoint/Pods-breakpoint-frameworks-${CONFIGURATION}-input-files.xcfilelist",
			);
			name = "[CP] Embed Pods Frameworks";
			outputFileListPaths = (
				"${PODS_ROOT}/Target Support Files/Pods-breakpoint/Pods-breakpoint-frameworks-${CONFIGURATION}-output-files.xcfilelist",
			);
			runOnlyForDeploymentPostprocessing = 0;
			shellPath = /bin/sh;
			shellScript = "\"${PODS_ROOT}/Target Support Files/Pods-breakpoint/Pods-breakpoint-frameworks.sh\"\n";
			showEnvVarsInLog = 0;
		};
		D757134E11250CCDA19C07B7 /* [CP] Check Pods Manifest.lock */ = {
			isa = PBXShellScriptBuildPhase;
			buildActionMask = 2147483647;
			files = (
			);
			inputFileListPaths = (
			);
			inputPaths = (
				"${PODS_PODFILE_DIR_PATH}/Podfile.lock",
				"${PODS_ROOT}/Manifest.lock",
			);
			name = "[CP] Check Pods Manifest.lock";
			outputFileListPaths = (
			);
			outputPaths = (
				"$(DERIVED_FILE_DIR)/Pods-breakpoint-checkManifestLockResult.txt",
			);
			runOnlyForDeploymentPostprocessing = 0;
			shellPath = /bin/sh;
			shellScript = "diff \"${PODS_PODFILE_DIR_PATH}/Podfile.lock\" \"${PODS_ROOT}/Manifest.lock\" > /dev/null\nif [ $? != 0 ] ; then\n    # print error to STDERR\n    echo \"error: The sandbox is not in sync with the Podfile.lock. Run 'pod install' or update your CocoaPods installation.\" >&2\n    exit 1\nfi\n# This output is used by Xcode 'outputs' to avoid re-running this script phase.\necho \"SUCCESS\" > \"${SCRIPT_OUTPUT_FILE_0}\"\n";
			showEnvVarsInLog = 0;
		};
/* End PBXShellScriptBuildPhase section */

/* Begin PBXSourcesBuildPhase section */
		DBF71DA025EFD3C500D5054C /* Sources */ = {
			isa = PBXSourcesBuildPhase;
			buildActionMask = 2147483647;
			files = (
				DB91310725F22C1D00AFCF9A /* UIViewExt.swift in Sources */,
				DBF71DA825EFD3C500D5054C /* AppDelegate.swift in Sources */,
				DB2A5BAA25F0C7E700CAB8CD /* LoginVC.swift in Sources */,
				DBF71DAA25EFD3C500D5054C /* SceneDelegate.swift in Sources */,
				DB1EF6A525F6230F002139BF /* UserCell.swift in Sources */,
				DB2A5BB025F0CDAB00CAB8CD /* ShadowView.swift in Sources */,
				DB2A5BB325F0DAB900CAB8CD /* AuthService.swift in Sources */,
				DB53D2CD25EFEB03003D22AA /* DataService.swift in Sources */,
				DB2A5BA725F0C7A600CAB8CD /* AuthVC.swift in Sources */,
				DB2A5BBD25F1367200CAB8CD /* MeVC.swift in Sources */,
				DB91310A25F23F0F00AFCF9A /* FeedCell.swift in Sources */,
				DB91310425F21FF600AFCF9A /* CreatePostVC.swift in Sources */,
				DB77453D25EFD64D008B1CC0 /* GroupsVC.swift in Sources */,
				DB1EF6A225F61D61002139BF /* CreateGroupsVC.swift in Sources */,
				DB91310E25F2449A00AFCF9A /* Message.swift in Sources */,
				DB77453925EFD63C008B1CC0 /* FeedVC.swift in Sources */,
				DB2A5BAD25F0C84A00CAB8CD /* InsetTextField.swift in Sources */,
			);
			runOnlyForDeploymentPostprocessing = 0;
		};
/* End PBXSourcesBuildPhase section */

/* Begin PBXVariantGroup section */
		DBF71DAD25EFD3C500D5054C /* Main.storyboard */ = {
			isa = PBXVariantGroup;
			children = (
				DBF71DAE25EFD3C500D5054C /* Base */,
			);
			name = Main.storyboard;
			sourceTree = "<group>";
		};
		DBF71DB225EFD3C500D5054C /* LaunchScreen.storyboard */ = {
			isa = PBXVariantGroup;
			children = (
				DBF71DB325EFD3C500D5054C /* Base */,
			);
			name = LaunchScreen.storyboard;
			sourceTree = "<group>";
		};
/* End PBXVariantGroup section */

/* Begin XCBuildConfiguration section */
		DBF71DB625EFD3C500D5054C /* Debug */ = {
			isa = XCBuildConfiguration;
			buildSettings = {
				ALWAYS_SEARCH_USER_PATHS = NO;
				CLANG_ANALYZER_NONNULL = YES;
				CLANG_ANALYZER_NUMBER_OBJECT_CONVERSION = YES_AGGRESSIVE;
				CLANG_CXX_LANGUAGE_STANDARD = "gnu++14";
				CLANG_CXX_LIBRARY = "libc++";
				CLANG_ENABLE_MODULES = YES;
				CLANG_ENABLE_OBJC_ARC = YES;
				CLANG_ENABLE_OBJC_WEAK = YES;
				CLANG_WARN_BLOCK_CAPTURE_AUTORELEASING = YES;
				CLANG_WARN_BOOL_CONVERSION = YES;
				CLANG_WARN_COMMA = YES;
				CLANG_WARN_CONSTANT_CONVERSION = YES;
				CLANG_WARN_DEPRECATED_OBJC_IMPLEMENTATIONS = YES;
				CLANG_WARN_DIRECT_OBJC_ISA_USAGE = YES_ERROR;
				CLANG_WARN_DOCUMENTATION_COMMENTS = YES;
				CLANG_WARN_EMPTY_BODY = YES;
				CLANG_WARN_ENUM_CONVERSION = YES;
				CLANG_WARN_INFINITE_RECURSION = YES;
				CLANG_WARN_INT_CONVERSION = YES;
				CLANG_WARN_NON_LITERAL_NULL_CONVERSION = YES;
				CLANG_WARN_OBJC_IMPLICIT_RETAIN_SELF = YES;
				CLANG_WARN_OBJC_LITERAL_CONVERSION = YES;
				CLANG_WARN_OBJC_ROOT_CLASS = YES_ERROR;
				CLANG_WARN_QUOTED_INCLUDE_IN_FRAMEWORK_HEADER = YES;
				CLANG_WARN_RANGE_LOOP_ANALYSIS = YES;
				CLANG_WARN_STRICT_PROTOTYPES = YES;
				CLANG_WARN_SUSPICIOUS_MOVE = YES;
				CLANG_WARN_UNGUARDED_AVAILABILITY = YES_AGGRESSIVE;
				CLANG_WARN_UNREACHABLE_CODE = YES;
				CLANG_WARN__DUPLICATE_METHOD_MATCH = YES;
				COPY_PHASE_STRIP = NO;
				DEBUG_INFORMATION_FORMAT = dwarf;
				ENABLE_STRICT_OBJC_MSGSEND = YES;
				ENABLE_TESTABILITY = YES;
				GCC_C_LANGUAGE_STANDARD = gnu11;
				GCC_DYNAMIC_NO_PIC = NO;
				GCC_NO_COMMON_BLOCKS = YES;
				GCC_OPTIMIZATION_LEVEL = 0;
				GCC_PREPROCESSOR_DEFINITIONS = (
					"DEBUG=1",
					"$(inherited)",
				);
				GCC_WARN_64_TO_32_BIT_CONVERSION = YES;
				GCC_WARN_ABOUT_RETURN_TYPE = YES_ERROR;
				GCC_WARN_UNDECLARED_SELECTOR = YES;
				GCC_WARN_UNINITIALIZED_AUTOS = YES_AGGRESSIVE;
				GCC_WARN_UNUSED_FUNCTION = YES;
				GCC_WARN_UNUSED_VARIABLE = YES;
				IPHONEOS_DEPLOYMENT_TARGET = 14.4;
				MTL_ENABLE_DEBUG_INFO = INCLUDE_SOURCE;
				MTL_FAST_MATH = YES;
				ONLY_ACTIVE_ARCH = YES;
				SDKROOT = iphoneos;
				SWIFT_ACTIVE_COMPILATION_CONDITIONS = DEBUG;
				SWIFT_OPTIMIZATION_LEVEL = "-Onone";
			};
			name = Debug;
		};
		DBF71DB725EFD3C500D5054C /* Release */ = {
			isa = XCBuildConfiguration;
			buildSettings = {
				ALWAYS_SEARCH_USER_PATHS = NO;
				CLANG_ANALYZER_NONNULL = YES;
				CLANG_ANALYZER_NUMBER_OBJECT_CONVERSION = YES_AGGRESSIVE;
				CLANG_CXX_LANGUAGE_STANDARD = "gnu++14";
				CLANG_CXX_LIBRARY = "libc++";
				CLANG_ENABLE_MODULES = YES;
				CLANG_ENABLE_OBJC_ARC = YES;
				CLANG_ENABLE_OBJC_WEAK = YES;
				CLANG_WARN_BLOCK_CAPTURE_AUTORELEASING = YES;
				CLANG_WARN_BOOL_CONVERSION = YES;
				CLANG_WARN_COMMA = YES;
				CLANG_WARN_CONSTANT_CONVERSION = YES;
				CLANG_WARN_DEPRECATED_OBJC_IMPLEMENTATIONS = YES;
				CLANG_WARN_DIRECT_OBJC_ISA_USAGE = YES_ERROR;
				CLANG_WARN_DOCUMENTATION_COMMENTS = YES;
				CLANG_WARN_EMPTY_BODY = YES;
				CLANG_WARN_ENUM_CONVERSION = YES;
				CLANG_WARN_INFINITE_RECURSION = YES;
				CLANG_WARN_INT_CONVERSION = YES;
				CLANG_WARN_NON_LITERAL_NULL_CONVERSION = YES;
				CLANG_WARN_OBJC_IMPLICIT_RETAIN_SELF = YES;
				CLANG_WARN_OBJC_LITERAL_CONVERSION = YES;
				CLANG_WARN_OBJC_ROOT_CLASS = YES_ERROR;
				CLANG_WARN_QUOTED_INCLUDE_IN_FRAMEWORK_HEADER = YES;
				CLANG_WARN_RANGE_LOOP_ANALYSIS = YES;
				CLANG_WARN_STRICT_PROTOTYPES = YES;
				CLANG_WARN_SUSPICIOUS_MOVE = YES;
				CLANG_WARN_UNGUARDED_AVAILABILITY = YES_AGGRESSIVE;
				CLANG_WARN_UNREACHABLE_CODE = YES;
				CLANG_WARN__DUPLICATE_METHOD_MATCH = YES;
				COPY_PHASE_STRIP = NO;
				DEBUG_INFORMATION_FORMAT = "dwarf-with-dsym";
				ENABLE_NS_ASSERTIONS = NO;
				ENABLE_STRICT_OBJC_MSGSEND = YES;
				GCC_C_LANGUAGE_STANDARD = gnu11;
				GCC_NO_COMMON_BLOCKS = YES;
				GCC_WARN_64_TO_32_BIT_CONVERSION = YES;
				GCC_WARN_ABOUT_RETURN_TYPE = YES_ERROR;
				GCC_WARN_UNDECLARED_SELECTOR = YES;
				GCC_WARN_UNINITIALIZED_AUTOS = YES_AGGRESSIVE;
				GCC_WARN_UNUSED_FUNCTION = YES;
				GCC_WARN_UNUSED_VARIABLE = YES;
				IPHONEOS_DEPLOYMENT_TARGET = 14.4;
				MTL_ENABLE_DEBUG_INFO = NO;
				MTL_FAST_MATH = YES;
				SDKROOT = iphoneos;
				SWIFT_COMPILATION_MODE = wholemodule;
				SWIFT_OPTIMIZATION_LEVEL = "-O";
				VALIDATE_PRODUCT = YES;
			};
			name = Release;
		};
		DBF71DB925EFD3C500D5054C /* Debug */ = {
			isa = XCBuildConfiguration;
			baseConfigurationReference = 284351D1DC300317BB63F15C /* Pods-breakpoint.debug.xcconfig */;
			buildSettings = {
				ASSETCATALOG_COMPILER_APPICON_NAME = AppIcon;
				ASSETCATALOG_COMPILER_GLOBAL_ACCENT_COLOR_NAME = AccentColor;
				CODE_SIGN_STYLE = Automatic;
				DEVELOPMENT_TEAM = ENYNN9L389;
				INFOPLIST_FILE = breakpoint/Info.plist;
				LD_RUNPATH_SEARCH_PATHS = (
					"$(inherited)",
					"@executable_path/Frameworks",
				);
				PRODUCT_BUNDLE_IDENTIFIER = com.arturz.breakpoint;
				PRODUCT_NAME = "$(TARGET_NAME)";
				SWIFT_VERSION = 5.0;
				TARGETED_DEVICE_FAMILY = "1,2";
			};
			name = Debug;
		};
		DBF71DBA25EFD3C500D5054C /* Release */ = {
			isa = XCBuildConfiguration;
			baseConfigurationReference = BC39EC74551186051008F3ED /* Pods-breakpoint.release.xcconfig */;
			buildSettings = {
				ASSETCATALOG_COMPILER_APPICON_NAME = AppIcon;
				ASSETCATALOG_COMPILER_GLOBAL_ACCENT_COLOR_NAME = AccentColor;
				CODE_SIGN_STYLE = Automatic;
				DEVELOPMENT_TEAM = ENYNN9L389;
				INFOPLIST_FILE = breakpoint/Info.plist;
				LD_RUNPATH_SEARCH_PATHS = (
					"$(inherited)",
					"@executable_path/Frameworks",
				);
				PRODUCT_BUNDLE_IDENTIFIER = com.arturz.breakpoint;
				PRODUCT_NAME = "$(TARGET_NAME)";
				SWIFT_VERSION = 5.0;
				TARGETED_DEVICE_FAMILY = "1,2";
			};
			name = Release;
		};
/* End XCBuildConfiguration section */

/* Begin XCConfigurationList section */
		DBF71D9F25EFD3C500D5054C /* Build configuration list for PBXProject "breakpoint" */ = {
			isa = XCConfigurationList;
			buildConfigurations = (
				DBF71DB625EFD3C500D5054C /* Debug */,
				DBF71DB725EFD3C500D5054C /* Release */,
			);
			defaultConfigurationIsVisible = 0;
			defaultConfigurationName = Release;
		};
		DBF71DB825EFD3C500D5054C /* Build configuration list for PBXNativeTarget "breakpoint" */ = {
			isa = XCConfigurationList;
			buildConfigurations = (
				DBF71DB925EFD3C500D5054C /* Debug */,
				DBF71DBA25EFD3C500D5054C /* Release */,
			);
			defaultConfigurationIsVisible = 0;
			defaultConfigurationName = Release;
		};
/* End XCConfigurationList section */
	};
	rootObject = DBF71D9C25EFD3C500D5054C /* Project object */;
}
